# THIS IS AN AUTOGENERATED FILE. DO NOT EDIT THIS FILE DIRECTLY.
# yarn lockfile v1


"@types/node-fetch@^2.5.10":
  version "2.5.12"
  resolved "https://registry.yarnpkg.com/@types/node-fetch/-/node-fetch-2.5.12.tgz#8a6f779b1d4e60b7a57fb6fd48d84fb545b9cc66"
  integrity sha512-MKgC4dlq4kKNa/mYrwpKfzQMB5X3ee5U6fSprkKpToBqBmX4nFZL9cW5jl6sWn+xpRJ7ypWh2yyqqr8UUCstSw==
  dependencies:
    "@types/node" "*"
    form-data "^3.0.0"

"@types/node@*":
  version "16.6.2"
  resolved "https://registry.yarnpkg.com/@types/node/-/node-16.6.2.tgz#331b7b9f8621c638284787c5559423822fdffc50"
  integrity sha512-LSw8TZt12ZudbpHc6EkIyDM3nHVWKYrAvGy6EAJfNfjusbwnThqjqxUKKRwuV3iWYeW/LYMzNgaq3MaLffQ2xA==

"@types/node@^14.17.1", "@types/node@^14.17.2":
  version "14.17.10"
  resolved "https://registry.yarnpkg.com/@types/node/-/node-14.17.10.tgz#93f4b095af275a0427114579c10ec7aa696729d7"
  integrity sha512-09x2d6kNBwjHgyh3jOUE2GE4DFoxDriDvWdu6mFhMP1ysynGYazt4ecZmJlL6/fe4Zi2vtYvTvtL7epjQQrBhA==

asynckit@^0.4.0:
  version "0.4.0"
  resolved "https://registry.yarnpkg.com/asynckit/-/asynckit-0.4.0.tgz#c79ed97f7f34cb8f2ba1bc9790bcc366474b4b79"
  integrity sha1-x57Zf380y48robyXkLzDZkdLS3k=

combined-stream@^1.0.8:
  version "1.0.8"
  resolved "https://registry.yarnpkg.com/combined-stream/-/combined-stream-1.0.8.tgz#c3d45a8b34fd730631a110a8a2520682b31d5a7f"
  integrity sha512-FQN4MRfuJeHf7cBbBMJFXhKSDq+2kAArBlmRBvcvFE5BB1HZKXtSFASDhdlz9zOYwxh8lDdnvmMOe/+5cdoEdg==
  dependencies:
    delayed-stream "~1.0.0"

delayed-stream@~1.0.0:
  version "1.0.0"
  resolved "https://registry.yarnpkg.com/delayed-stream/-/delayed-stream-1.0.0.tgz#df3ae199acadfb7d440aaae0b29e2272b24ec619"
  integrity sha1-3zrhmayt+31ECqrgsp4icrJOxhk=

detritus-client-rest@^0.10.3:
  version "0.10.3"
  resolved "https://registry.yarnpkg.com/detritus-client-rest/-/detritus-client-rest-0.10.3.tgz#928cce2f45f58b2237d99e18fdc91d5e2366ffe1"
  integrity sha512-mMEboLKdy7OdFlQjZBNK2o29Z5QcBBzOaqV3E5a8hiezeHkI5/P8l3U8V+lq2uyMEkT/xkjEb+R2r2TVyhb42w==
  dependencies:
    detritus-rest "^0.7.0"
    detritus-utils "^0.4.0"

detritus-client-socket@^0.8.2-beta.0:
  version "0.8.2-beta.0"
  resolved "https://registry.yarnpkg.com/detritus-client-socket/-/detritus-client-socket-0.8.2-beta.0.tgz#24bb382762d13f4d107eb762856d6f5ead12cd78"
  integrity sha512-QdE5XyyNlvGz2SSt/G762dUMWNbSSy5XB7YTuXqz4MP5/AJmxBBoidyBL+ms+ha03y9SbPaWSUaoRjT9n5e/Xw==
  dependencies:
    "@types/node" "^14.17.1"
    detritus-utils "^0.4.0"
    ws "^7.4.6"

detritus-client@^0.16.1:
  version "0.16.1"
  resolved "https://registry.yarnpkg.com/detritus-client/-/detritus-client-0.16.1.tgz#f6a4494bfd059d6d379a8645456f8892bac0e8f7"
  integrity sha512-DU6g4o44D/gGZSvODvODf7178wJjsTSBeOIXD7BaRjJ5Q1xpedNkSGsEZO+7boKfZ+7NghJcxdz27LQGWv5izg==
  dependencies:
    "@types/node" "^14.17.2"
    "@types/node-fetch" "^2.5.10"
    detritus-client-rest "^0.10.3"
    detritus-client-socket "^0.8.2-beta.0"
    detritus-utils "^0.4.0"

detritus-rest@^0.7.0:
  version "0.7.0"
  resolved "https://registry.yarnpkg.com/detritus-rest/-/detritus-rest-0.7.0.tgz#15d7a98c7038935de7ba2a88eeed83aba1c88ed7"
  integrity sha512-T5FNXpyv5F69ZXEz6z8mWo5yiz7Mhrg+HQsZumih/uDeqf3+1AvZgNI4XLscG1D56F0o5DSyXkoOxDgd2oeTgA==
  dependencies:
    form-data "^3.0.0"
    node-fetch "^2.6.1"

detritus-utils@^0.4.0:
  version "0.4.0"
  resolved "https://registry.yarnpkg.com/detritus-utils/-/detritus-utils-0.4.0.tgz#42c01e029bd716c5be30a82ee4c621136f64ef35"
  integrity sha512-XO9crk1eCOecajzOg4WMsvcgXV/3GAltV0nt+kXXmglwcKyh/5DpQ7jmQ/2HycEN0dGBdgLCLPzYMxrWPN9gpw==

dotenv@^10.0.0:
  version "10.0.0"
  resolved "https://registry.yarnpkg.com/dotenv/-/dotenv-10.0.0.tgz#3d4227b8fb95f81096cdd2b66653fb2c7085ba81"
  integrity sha512-rlBi9d8jpv9Sf1klPjNfFAuWDjKLwTIJJ/VxtoTwIR6hnZxcEOQCZg2oIL3MWBYw5GpUDKOEnND7LXTbIpQ03Q==

form-data@^3.0.0:
  version "3.0.1"
  resolved "https://registry.yarnpkg.com/form-data/-/form-data-3.0.1.tgz#ebd53791b78356a99af9a300d4282c4d5eb9755f"
  integrity sha512-RHkBKtLWUVwd7SqRIvCZMEvAMoGUp0XU+seQiZejj0COz3RI3hWP4sCv3gZWWLjJTd7rGwcsF5eKZGii0r/hbg==
  dependencies:
    asynckit "^0.4.0"
    combined-stream "^1.0.8"
    mime-types "^2.1.12"

mime-db@1.49.0:
  version "1.49.0"
  resolved "https://registry.yarnpkg.com/mime-db/-/mime-db-1.49.0.tgz#f3dfde60c99e9cf3bc9701d687778f537001cbed"
  integrity sha512-CIc8j9URtOVApSFCQIF+VBkX1RwXp/oMMOrqdyXSBXq5RWNEsRfyj1kiRnQgmNXmHxPoFIxOroKA3zcU9P+nAA==

mime-types@^2.1.12:
  version "2.1.32"
  resolved "https://registry.yarnpkg.com/mime-types/-/mime-types-2.1.32.tgz#1d00e89e7de7fe02008db61001d9e02852670fd5"
  integrity sha512-hJGaVS4G4c9TSMYh2n6SQAGrC4RnfU+daP8G7cSCmaqNjiOoUY0VHCMS42pxnQmVF1GWwFhbHWn3RIxCqTmZ9A==
  dependencies:
    mime-db "1.49.0"

node-fetch@^2.6.1:
  version "2.6.1"
  resolved "https://registry.yarnpkg.com/node-fetch/-/node-fetch-2.6.1.tgz#045bd323631f76ed2e2b55573394416b639a0052"
  integrity sha512-V4aYg89jEoVRxRb2fJdAg8FHvI7cEyYdVAh94HH0UIK8oJxUfkjlDQN9RbMx+bEjP7+ggMiFRprSti032Oipxw==

typescript@^4.3.5:
  version "4.3.5"
  resolved "https://registry.yarnpkg.com/typescript/-/typescript-4.3.5.tgz#4d1c37cc16e893973c45a06886b7113234f119f4"
  integrity sha512-DqQgihaQ9cUrskJo9kIyW/+g0Vxsk8cDtZ52a3NGh0YNTfpUSArXSohyUGnvbPazEPLu398C0UxmKSOrPumUzA==

ws@^7.4.6:
  version "7.5.3"
  resolved "https://registry.yarnpkg.com/ws/-/ws-7.5.3.tgz#160835b63c7d97bfab418fc1b8a9fced2ac01a74"
  integrity sha512-kQ/dHIzuLrS6Je9+uv81ueZomEwH0qVYstcAQ4/Z93K8zeko9gtAbttJWzoC5ukqXY1PpoouV3+VSOqEAFt5wg==
